
Microsoft Visual Studio Solution File, Format Version 12.00
# Visual Studio Version 17
VisualStudioVersion = 17.2.32630.192
MinimumVisualStudioVersion = 10.0.40219.1
Project("{9A19103F-16F7-4668-BE54-9A1E7A4F7556}") = "instruments", "instruments\instruments.csproj", "{495E1A17-B632-47C3-811D-593A2B0E5EB1}"
EndProject
Project("{FAE04EC0-301F-11D3-BF4B-00C04F79EFBC}") = "APIDemo", "APIDemo\APIDemo.csproj", "{C89F0CD2-6A72-49E8-9729-A3F9FA51D9F7}"
EndProject
Project("{FAE04EC0-301F-11D3-BF4B-00C04F79EFBC}") = "BusinessV2API", "BusinessV2API\BusinessV2API.csproj", "{7AC7D605-077E-47EC-8300-2496D439BE97}"
EndProject
Global
	GlobalSection(SolutionConfigurationPlatforms) = preSolution
		Debug|Any CPU = Debug|Any CPU
		Release|Any CPU = Release|Any CPU
	EndGlobalSection
	GlobalSection(ProjectConfigurationPlatforms) = postSolution
		{495E1A17-B632-47C3-811D-593A2B0E5EB1}.Debug|Any CPU.ActiveCfg = Debug|Any CPU
		{495E1A17-B632-47C3-811D-593A2B0E5EB1}.Debug|Any CPU.Build.0 = Debug|Any CPU
		{495E1A17-B632-47C3-811D-593A2B0E5EB1}.Release|Any CPU.ActiveCfg = Release|Any CPU
		{495E1A17-B632-47C3-811D-593A2B0E5EB1}.Release|Any CPU.Build.0 = Release|Any CPU
		{C89F0CD2-6A72-49E8-9729-A3F9FA51D9F7}.Debug|Any CPU.ActiveCfg = Debug|Any CPU
		{C89F0CD2-6A72-49E8-9729-A3F9FA51D9F7}.Debug|Any CPU.Build.0 = Debug|Any CPU
		{C89F0CD2-6A72-49E8-9729-A3F9FA51D9F7}.Release|Any CPU.ActiveCfg = Release|Any CPU
		{C89F0CD2-6A72-49E8-9729-A3F9FA51D9F7}.Release|Any CPU.Build.0 = Release|Any CPU
		{7AC7D605-077E-47EC-8300-2496D439BE97}.Debug|Any CPU.ActiveCfg = Debug|Any CPU
		{7AC7D605-077E-47EC-8300-2496D439BE97}.Debug|Any CPU.Build.0 = Debug|Any CPU
		{7AC7D605-077E-47EC-8300-2496D439BE97}.Release|Any CPU.ActiveCfg = Release|Any CPU
		{7AC7D605-077E-47EC-8300-2496D439BE97}.Release|Any CPU.Build.0 = Release|Any CPU
	EndGlobalSection
	GlobalSection(SolutionProperties) = preSolution
		HideSolutionNode = FALSE
	EndGlobalSection
	GlobalSection(ExtensibilityGlobals) = postSolution
		SolutionGuid = {30A6237F-D9C4-44F4-A979-82480D74E699}
	EndGlobalSection
EndGlobal
